
Microsoft Visual Studio Solution File, Format Version 12.00
# Visual Studio Version 16
VisualStudioVersion = 16.0.34601.136
MinimumVisualStudioVersion = 10.0.40219.1
Project("{FAE04EC0-301F-11D3-BF4B-00C04F79EFBC}") = "Lesson08", "Lesson08\Lesson08.csproj", "{4C7D36F1-2C1A-415C-87F5-5B66DC216664}"
EndProject
Global
	GlobalSection(SolutionConfigurationPlatforms) = preSolution
		Debug|Any CPU = Debug|Any CPU
		Release|Any CPU = Release|Any CPU
	EndGlobalSection
	GlobalSection(ProjectConfigurationPlatforms) = postSolution
		{4C7D36F1-2C1A-415C-87F5-5B66DC216664}.Debug|Any CPU.ActiveCfg = Debug|Any CPU
		{4C7D36F1-2C1A-415C-87F5-5B66DC216664}.Debug|Any CPU.Build.0 = Debug|Any CPU
		{4C7D36F1-2C1A-415C-87F5-5B66DC216664}.Release|Any CPU.ActiveCfg = Release|Any CPU
		{4C7D36F1-2C1A-415C-87F5-5B66DC216664}.Release|Any CPU.Build.0 = Release|Any CPU
	EndGlobalSection
	GlobalSection(SolutionProperties) = preSolution
		HideSolutionNode = FALSE
	EndGlobalSection
	GlobalSection(ExtensibilityGlobals) = postSolution
		SolutionGuid = {11AB3C22-13BB-4E05-B460-7AEE60164E94}
	EndGlobalSection
EndGlobal
